
Microsoft Visual Studio Solution File, Format Version 12.00
# Visual Studio Version 16
VisualStudioVersion = 16.0.31624.102
MinimumVisualStudioVersion = 10.0.40219.1
Project("{FAE04EC0-301F-11D3-BF4B-00C04F79EFBC}") = "HousePriceCalculator", "HousePriceCalculator\HousePriceCalculator.csproj", "{AB091AC3-1BDA-415B-9321-3807A89F5362}"
EndProject
Global
	GlobalSection(SolutionConfigurationPlatforms) = preSolution
		Debug|Any CPU = Debug|Any CPU
		Release|Any CPU = Release|Any CPU
	EndGlobalSection
	GlobalSection(ProjectConfigurationPlatforms) = postSolution
		{AB091AC3-1BDA-415B-9321-3807A89F5362}.Debug|Any CPU.ActiveCfg = Debug|Any CPU
		{AB091AC3-1BDA-415B-9321-3807A89F5362}.Debug|Any CPU.Build.0 = Debug|Any CPU
		{AB091AC3-1BDA-415B-9321-3807A89F5362}.Release|Any CPU.ActiveCfg = Release|Any CPU
		{AB091AC3-1BDA-415B-9321-3807A89F5362}.Release|Any CPU.Build.0 = Release|Any CPU
	EndGlobalSection
	GlobalSection(SolutionProperties) = preSolution
		HideSolutionNode = FALSE
	EndGlobalSection
	GlobalSection(ExtensibilityGlobals) = postSolution
		SolutionGuid = {257F4E93-25CB-45B5-927E-CFD0F1E502AB}
	EndGlobalSection
EndGlobal
